<?xml version="1.0" encoding="utf-8"?>
<Project ToolsVersion="4.0" xmlns="http://schemas.microsoft.com/developer/msbuild/2003">
  <ItemGroup>
    <Filter Include="Source Files">
      <UniqueIdentifier>{4FC737F1-C7A5-4376-A066-2A32D752A2FF}</UniqueIdentifier>
      <Extensions>cpp;c;cc;cxx;def;odl;idl;hpj;bat;asm;asmx</Extensions>
    </Filter>
    <Filter Include="Header Files">
      <UniqueIdentifier>{93995380-89BD-4b04-88EB-625FBE52EBFB}</UniqueIdentifier>
      <Extensions>h;hh;hpp;hxx;hm;inl;inc;ipp;xsd</Extensions>
    </Filter>
    <Filter Include="Resource Files">
      <UniqueIdentifier>{67DA6AB6-F800-4c08-8B7A-83BB121AAD01}</UniqueIdentifier>
      <Extensions>rc;ico;cur;bmp;dlg;rc2;rct;bin;rgs;gif;jpg;jpeg;jpe;resx;tiff;tif;png;wav;mfcribbon-ms</Extensions>
    </Filter>
    <Filter Include="Source Files\Signatures">
      <UniqueIdentifier>{e17286a7-e106-4cee-8b35-83cbd8adcfec}</UniqueIdentifier>
    </Filter>
    <Filter Include="Source Files\Hooks">
      <UniqueIdentifier>{1cdf27f3-9997-49ef-9126-c22e481fff18}</UniqueIdentifier>
    </Filter>
    <Filter Include="Source Files\SDK">
      <UniqueIdentifier>{5c8bf0d1-34ea-496e-863a-61b472322b86}</UniqueIdentifier>
    </Filter>
    <Filter Include="Source Files\Config Parser">
      <UniqueIdentifier>{1bfa067e-9449-4bfd-928f-0a45304507d3}</UniqueIdentifier>
    </Filter>
    <Filter Include="Source Files\Votekill Spam">
      <UniqueIdentifier>{db3921c9-ed03-4a3e-8d42-3fa7bd37ddce}</UniqueIdentifier>
    </Filter>
  </ItemGroup>
  <ItemGroup>
    <ClCompile Include="dllmain.cpp">
      <Filter>Source Files</Filter>
    </ClCompile>
    <ClCompile Include="votekill_spam.cpp">
      <Filter>Source Files\Votekill Spam</Filter>
    </ClCompile>
    <ClCompile Include="config_parser.cpp">
      <Filter>Source Files\Config Parser</Filter>
    </ClCompile>
  </ItemGroup>
  <ItemGroup>
    <ClInclude Include="HLSDK\common\beamdef.h">
      <Filter>Header Files</Filter>
    </ClInclude>
    <ClInclude Include="HLSDK\common\cl_entity.h">
      <Filter>Header Files</Filter>
    </ClInclude>
    <ClInclude Include="HLSDK\common\com_model.h">
      <Filter>Header Files</Filter>
    </ClInclude>
    <ClInclude Include="HLSDK\common\con_nprint.h">
      <Filter>Header Files</Filter>
    </ClInclude>
    <ClInclude Include="HLSDK\common\const.h">
      <Filter>Header Files</Filter>
    </ClInclude>
    <ClInclude Include="HLSDK\common\crc.h">
      <Filter>Header Files</Filter>
    </ClInclude>
    <ClInclude Include="HLSDK\common\cvardef.h">
      <Filter>Header Files</Filter>
    </ClInclude>
    <ClInclude Include="HLSDK\common\demo_api.h">
      <Filter>Header Files</Filter>
    </ClInclude>
    <ClInclude Include="HLSDK\common\director_cmds.h">
      <Filter>Header Files</Filter>
    </ClInclude>
    <ClInclude Include="HLSDK\common\dlight.h">
      <Filter>Header Files</Filter>
    </ClInclude>
    <ClInclude Include="HLSDK\common\dll_state.h">
      <Filter>Header Files</Filter>
    </ClInclude>
    <ClInclude Include="HLSDK\common\engine_launcher_api.h">
      <Filter>Header Files</Filter>
    </ClInclude>
    <ClInclude Include="HLSDK\common\entity_state.h">
      <Filter>Header Files</Filter>
    </ClInclude>
    <ClInclude Include="HLSDK\common\entity_types.h">
      <Filter>Header Files</Filter>
    </ClInclude>
    <ClInclude Include="HLSDK\common\event_api.h">
      <Filter>Header Files</Filter>
    </ClInclude>
    <ClInclude Include="HLSDK\common\event_args.h">
      <Filter>Header Files</Filter>
    </ClInclude>
    <ClInclude Include="HLSDK\common\event_flags.h">
      <Filter>Header Files</Filter>
    </ClInclude>
    <ClInclude Include="HLSDK\common\exefuncs.h">
      <Filter>Header Files</Filter>
    </ClInclude>
    <ClInclude Include="HLSDK\common\hltv.h">
      <Filter>Header Files</Filter>
    </ClInclude>
    <ClInclude Include="HLSDK\common\in_buttons.h">
      <Filter>Header Files</Filter>
    </ClInclude>
    <ClInclude Include="HLSDK\common\interface.h">
      <Filter>Header Files</Filter>
    </ClInclude>
    <ClInclude Include="HLSDK\common\itrackeruser.h">
      <Filter>Header Files</Filter>
    </ClInclude>
    <ClInclude Include="HLSDK\common\ivoicetweak.h">
      <Filter>Header Files</Filter>
    </ClInclude>
    <ClInclude Include="HLSDK\common\mathlib.h">
      <Filter>Header Files</Filter>
    </ClInclude>
    <ClInclude Include="HLSDK\common\net_api.h">
      <Filter>Header Files</Filter>
    </ClInclude>
    <ClInclude Include="HLSDK\common\netadr.h">
      <Filter>Header Files</Filter>
    </ClInclude>
    <ClInclude Include="HLSDK\common\nowin.h">
      <Filter>Header Files</Filter>
    </ClInclude>
    <ClInclude Include="HLSDK\common\particledef.h">
      <Filter>Header Files</Filter>
    </ClInclude>
    <ClInclude Include="HLSDK\common\pmtrace.h">
      <Filter>Header Files</Filter>
    </ClInclude>
    <ClInclude Include="HLSDK\common\qfont.h">
      <Filter>Header Files</Filter>
    </ClInclude>
    <ClInclude Include="HLSDK\common\r_efx.h">
      <Filter>Header Files</Filter>
    </ClInclude>
    <ClInclude Include="HLSDK\common\ref_params.h">
      <Filter>Header Files</Filter>
    </ClInclude>
    <ClInclude Include="HLSDK\common\screenfade.h">
      <Filter>Header Files</Filter>
    </ClInclude>
    <ClInclude Include="HLSDK\common\studio_event.h">
      <Filter>Header Files</Filter>
    </ClInclude>
    <ClInclude Include="HLSDK\common\triangleapi.h">
      <Filter>Header Files</Filter>
    </ClInclude>
    <ClInclude Include="HLSDK\common\usercmd.h">
      <Filter>Header Files</Filter>
    </ClInclude>
    <ClInclude Include="HLSDK\common\weaponinfo.h">
      <Filter>Header Files</Filter>
    </ClInclude>
    <ClInclude Include="HLSDK\engine\anorms.h">
      <Filter>Header Files</Filter>
    </ClInclude>
    <ClInclude Include="HLSDK\engine\beamdef.h">
      <Filter>Header Files</Filter>
    </ClInclude>
    <ClInclude Include="HLSDK\engine\cdll_dll.h">
      <Filter>Header Files</Filter>
    </ClInclude>
    <ClInclude Include="HLSDK\engine\cdll_engine_dll.h">
      <Filter>Header Files</Filter>
    </ClInclude>
    <ClInclude Include="HLSDK\engine\cdll_int.h">
      <Filter>Header Files</Filter>
    </ClInclude>
    <ClInclude Include="HLSDK\engine\cl_dll.h">
      <Filter>Header Files</Filter>
    </ClInclude>
    <ClInclude Include="HLSDK\engine\cl_entity.h">
      <Filter>Header Files</Filter>
    </ClInclude>
    <ClInclude Include="HLSDK\engine\const.h">
      <Filter>Header Files</Filter>
    </ClInclude>
    <ClInclude Include="HLSDK\engine\crc.h">
      <Filter>Header Files</Filter>
    </ClInclude>
    <ClInclude Include="HLSDK\engine\custom.h">
      <Filter>Header Files</Filter>
    </ClInclude>
    <ClInclude Include="HLSDK\engine\customentity.h">
      <Filter>Header Files</Filter>
    </ClInclude>
    <ClInclude Include="HLSDK\engine\cvardef.h">
      <Filter>Header Files</Filter>
    </ClInclude>
    <ClInclude Include="HLSDK\engine\dlight.h">
      <Filter>Header Files</Filter>
    </ClInclude>
    <ClInclude Include="HLSDK\engine\edict.h">
      <Filter>Header Files</Filter>
    </ClInclude>
    <ClInclude Include="HLSDK\engine\eiface.h">
      <Filter>Header Files</Filter>
    </ClInclude>
    <ClInclude Include="HLSDK\engine\entity_state.h">
      <Filter>Header Files</Filter>
    </ClInclude>
    <ClInclude Include="HLSDK\engine\entity_types.h">
      <Filter>Header Files</Filter>
    </ClInclude>
    <ClInclude Include="HLSDK\engine\event_args.h">
      <Filter>Header Files</Filter>
    </ClInclude>
    <ClInclude Include="HLSDK\engine\event_flags.h">
      <Filter>Header Files</Filter>
    </ClInclude>
    <ClInclude Include="HLSDK\engine\in_buttons.h">
      <Filter>Header Files</Filter>
    </ClInclude>
    <ClInclude Include="HLSDK\engine\keydefs.h">
      <Filter>Header Files</Filter>
    </ClInclude>
    <ClInclude Include="HLSDK\engine\particledef.h">
      <Filter>Header Files</Filter>
    </ClInclude>
    <ClInclude Include="HLSDK\engine\pm_defs.h">
      <Filter>Header Files</Filter>
    </ClInclude>
    <ClInclude Include="HLSDK\engine\pm_info.h">
      <Filter>Header Files</Filter>
    </ClInclude>
    <ClInclude Include="HLSDK\engine\pmtrace.h">
      <Filter>Header Files</Filter>
    </ClInclude>
    <ClInclude Include="HLSDK\engine\progdefs.h">
      <Filter>Header Files</Filter>
    </ClInclude>
    <ClInclude Include="HLSDK\engine\progs.h">
      <Filter>Header Files</Filter>
    </ClInclude>
    <ClInclude Include="HLSDK\engine\r_efx.h">
      <Filter>Header Files</Filter>
    </ClInclude>
    <ClInclude Include="HLSDK\engine\r_studioint.h">
      <Filter>Header Files</Filter>
    </ClInclude>
    <ClInclude Include="HLSDK\engine\shake.h">
      <Filter>Header Files</Filter>
    </ClInclude>
    <ClInclude Include="HLSDK\engine\studio.h">
      <Filter>Header Files</Filter>
    </ClInclude>
    <ClInclude Include="HLSDK\engine\studio_event.h">
      <Filter>Header Files</Filter>
    </ClInclude>
    <ClInclude Include="HLSDK\engine\triangleapi.h">
      <Filter>Header Files</Filter>
    </ClInclude>
    <ClInclude Include="HLSDK\engine\usercmd.h">
      <Filter>Header Files</Filter>
    </ClInclude>
    <ClInclude Include="HLSDK\engine\util_vector.h">
      <Filter>Header Files</Filter>
    </ClInclude>
    <ClInclude Include="HLSDK\engine\weaponinfo.h">
      <Filter>Header Files</Filter>
    </ClInclude>
    <ClInclude Include="HLSDK\engine\wrect.h">
      <Filter>Header Files</Filter>
    </ClInclude>
    <ClInclude Include="HLSDK\misc\com_model.h">
      <Filter>Header Files</Filter>
    </ClInclude>
    <ClInclude Include="HLSDK\misc\parsemsg.h">
      <Filter>Header Files</Filter>
    </ClInclude>
    <ClInclude Include="signature_scanner.h">
      <Filter>Source Files\Signatures</Filter>
    </ClInclude>
    <ClInclude Include="signatures.h">
      <Filter>Source Files\Signatures</Filter>
    </ClInclude>
    <ClInclude Include="hooks.h">
      <Filter>Source Files\Hooks</Filter>
    </ClInclude>
    <ClInclude Include="votekill_spam.h">
      <Filter>Source Files\Votekill Spam</Filter>
    </ClInclude>
    <ClInclude Include="sdk.h">
      <Filter>Source Files\SDK</Filter>
    </ClInclude>
    <ClInclude Include="config_parser.h">
      <Filter>Source Files\Config Parser</Filter>
    </ClInclude>
  </ItemGroup>
</Project>